
Microsoft Visual Studio Solution File, Format Version 12.00
# Visual Studio 15
VisualStudioVersion = 15.0.28307.1062
MinimumVisualStudioVersion = 10.0.40219.1
Project("{8BC9CEB8-8B4A-11D0-8D11-00A0C91BC942}") = "lol-offset-dump", "lol-offset-dump\lol-offset-dump.vcxproj", "{11922BB3-AD1E-47D4-9194-153A6CD66E28}"
EndProject
Global
	GlobalSection(SolutionConfigurationPlatforms) = preSolution
		Debug|x64 = Debug|x64
		Debug|x86 = Debug|x86
		Release|x64 = Release|x64
		Release|x86 = Release|x86
	EndGlobalSection
	GlobalSection(ProjectConfigurationPlatforms) = postSolution
		{11922BB3-AD1E-47D4-9194-153A6CD66E28}.Debug|x64.ActiveCfg = Debug|x64
		{11922BB3-AD1E-47D4-9194-153A6CD66E28}.Debug|x64.Build.0 = Debug|x64
		{11922BB3-AD1E-47D4-9194-153A6CD66E28}.Debug|x86.ActiveCfg = Debug|Win32
		{11922BB3-AD1E-47D4-9194-153A6CD66E28}.Debug|x86.Build.0 = Debug|Win32
		{11922BB3-AD1E-47D4-9194-153A6CD66E28}.Release|x64.ActiveCfg = Release|x64
		{11922BB3-AD1E-47D4-9194-153A6CD66E28}.Release|x64.Build.0 = Release|x64
		{11922BB3-AD1E-47D4-9194-153A6CD66E28}.Release|x86.ActiveCfg = Release|Win32
		{11922BB3-AD1E-47D4-9194-153A6CD66E28}.Release|x86.Build.0 = Release|Win32
	EndGlobalSection
	GlobalSection(SolutionProperties) = preSolution
		HideSolutionNode = FALSE
	EndGlobalSection
	GlobalSection(ExtensibilityGlobals) = postSolution
		SolutionGuid = {D5B2C032-BF88-491D-B9F9-CFD76AC54301}
	EndGlobalSection
EndGlobal
